
Microsoft Visual Studio Solution File, Format Version 12.00
# Visual Studio Version 17
VisualStudioVersion = 17.8.34330.188
MinimumVisualStudioVersion = 10.0.40219.1
Project("{9A19103F-16F7-4668-BE54-9A1E7A4F7556}") = "QLPHONGKHAM", "HNGOC_WINFORM\QLPHONGKHAM.csproj", "{C299963B-1E2F-450A-A949-5D81A00CB4ED}"
EndProject
Global
	GlobalSection(SolutionConfigurationPlatforms) = preSolution
		Debug|Any CPU = Debug|Any CPU
		Release|Any CPU = Release|Any CPU
	EndGlobalSection
	GlobalSection(ProjectConfigurationPlatforms) = postSolution
		{C299963B-1E2F-450A-A949-5D81A00CB4ED}.Debug|Any CPU.ActiveCfg = Debug|Any CPU
		{C299963B-1E2F-450A-A949-5D81A00CB4ED}.Debug|Any CPU.Build.0 = Debug|Any CPU
		{C299963B-1E2F-450A-A949-5D81A00CB4ED}.Release|Any CPU.ActiveCfg = Release|Any CPU
		{C299963B-1E2F-450A-A949-5D81A00CB4ED}.Release|Any CPU.Build.0 = Release|Any CPU
	EndGlobalSection
	GlobalSection(SolutionProperties) = preSolution
		HideSolutionNode = FALSE
	EndGlobalSection
	GlobalSection(ExtensibilityGlobals) = postSolution
		SolutionGuid = {632CDEF6-734F-466B-A1C9-F6BBD040E083}
	EndGlobalSection
EndGlobal
